
Microsoft Visual Studio Solution File, Format Version 12.00
# Visual Studio Version 17
VisualStudioVersion = 17.9.34701.34
MinimumVisualStudioVersion = 10.0.40219.1
Project("{FAE04EC0-301F-11D3-BF4B-00C04F79EFBC}") = "AtividadeAvaliativa5ptsLogP", "AtividadeAvaliativa5ptsLogP.csproj", "{DCDDFAE4-97D2-4A0B-ABD1-70EF464D9000}"
EndProject
Global
	GlobalSection(SolutionConfigurationPlatforms) = preSolution
		Debug|Any CPU = Debug|Any CPU
		Release|Any CPU = Release|Any CPU
	EndGlobalSection
	GlobalSection(ProjectConfigurationPlatforms) = postSolution
		{DCDDFAE4-97D2-4A0B-ABD1-70EF464D9000}.Debug|Any CPU.ActiveCfg = Debug|Any CPU
		{DCDDFAE4-97D2-4A0B-ABD1-70EF464D9000}.Debug|Any CPU.Build.0 = Debug|Any CPU
		{DCDDFAE4-97D2-4A0B-ABD1-70EF464D9000}.Release|Any CPU.ActiveCfg = Release|Any CPU
		{DCDDFAE4-97D2-4A0B-ABD1-70EF464D9000}.Release|Any CPU.Build.0 = Release|Any CPU
	EndGlobalSection
	GlobalSection(SolutionProperties) = preSolution
		HideSolutionNode = FALSE
	EndGlobalSection
	GlobalSection(ExtensibilityGlobals) = postSolution
		SolutionGuid = {E6AA6EA5-5B96-4C86-93FA-F7AFFD4FE076}
	EndGlobalSection
EndGlobal
