
Microsoft Visual Studio Solution File, Format Version 12.00
# Visual Studio Version 17
VisualStudioVersion = 17.9.34701.34
MinimumVisualStudioVersion = 10.0.40219.1
Project("{FAE04EC0-301F-11D3-BF4B-00C04F79EFBC}") = "Atividade6-POO", "Atividade6-POO.csproj", "{B8E19786-5504-4C7B-9DF2-C5D72B3C52C0}"
EndProject
Global
	GlobalSection(SolutionConfigurationPlatforms) = preSolution
		Debug|Any CPU = Debug|Any CPU
		Release|Any CPU = Release|Any CPU
	EndGlobalSection
	GlobalSection(ProjectConfigurationPlatforms) = postSolution
		{B8E19786-5504-4C7B-9DF2-C5D72B3C52C0}.Debug|Any CPU.ActiveCfg = Debug|Any CPU
		{B8E19786-5504-4C7B-9DF2-C5D72B3C52C0}.Debug|Any CPU.Build.0 = Debug|Any CPU
		{B8E19786-5504-4C7B-9DF2-C5D72B3C52C0}.Release|Any CPU.ActiveCfg = Release|Any CPU
		{B8E19786-5504-4C7B-9DF2-C5D72B3C52C0}.Release|Any CPU.Build.0 = Release|Any CPU
	EndGlobalSection
	GlobalSection(SolutionProperties) = preSolution
		HideSolutionNode = FALSE
	EndGlobalSection
	GlobalSection(ExtensibilityGlobals) = postSolution
		SolutionGuid = {E7370307-EC02-4E5D-AAE2-22591D058E2F}
	EndGlobalSection
EndGlobal
