
Microsoft Visual Studio Solution File, Format Version 12.00
# Visual Studio Version 17
VisualStudioVersion = 17.9.34701.34
MinimumVisualStudioVersion = 10.0.40219.1
Project("{FAE04EC0-301F-11D3-BF4B-00C04F79EFBC}") = "pg15,ex4", "pg15,ex4.csproj", "{A5BDCA43-AE9C-4D27-BD69-0B7AD443CDC9}"
EndProject
Global
	GlobalSection(SolutionConfigurationPlatforms) = preSolution
		Debug|Any CPU = Debug|Any CPU
		Release|Any CPU = Release|Any CPU
	EndGlobalSection
	GlobalSection(ProjectConfigurationPlatforms) = postSolution
		{A5BDCA43-AE9C-4D27-BD69-0B7AD443CDC9}.Debug|Any CPU.ActiveCfg = Debug|Any CPU
		{A5BDCA43-AE9C-4D27-BD69-0B7AD443CDC9}.Debug|Any CPU.Build.0 = Debug|Any CPU
		{A5BDCA43-AE9C-4D27-BD69-0B7AD443CDC9}.Release|Any CPU.ActiveCfg = Release|Any CPU
		{A5BDCA43-AE9C-4D27-BD69-0B7AD443CDC9}.Release|Any CPU.Build.0 = Release|Any CPU
	EndGlobalSection
	GlobalSection(SolutionProperties) = preSolution
		HideSolutionNode = FALSE
	EndGlobalSection
	GlobalSection(ExtensibilityGlobals) = postSolution
		SolutionGuid = {2C668628-1E42-4FD5-BFFB-0249185DACBF}
	EndGlobalSection
EndGlobal
