
Microsoft Visual Studio Solution File, Format Version 12.00
# Visual Studio Version 17
VisualStudioVersion = 17.8.34330.188
MinimumVisualStudioVersion = 10.0.40219.1
Project("{FAE04EC0-301F-11D3-BF4B-00C04F79EFBC}") = "ExercícioRevisão", "ExercícioRevisão.csproj", "{111CF7DE-C14F-45E7-8D1D-1A17779AAE31}"
EndProject
Global
	GlobalSection(SolutionConfigurationPlatforms) = preSolution
		Debug|Any CPU = Debug|Any CPU
		Release|Any CPU = Release|Any CPU
	EndGlobalSection
	GlobalSection(ProjectConfigurationPlatforms) = postSolution
		{111CF7DE-C14F-45E7-8D1D-1A17779AAE31}.Debug|Any CPU.ActiveCfg = Debug|Any CPU
		{111CF7DE-C14F-45E7-8D1D-1A17779AAE31}.Debug|Any CPU.Build.0 = Debug|Any CPU
		{111CF7DE-C14F-45E7-8D1D-1A17779AAE31}.Release|Any CPU.ActiveCfg = Release|Any CPU
		{111CF7DE-C14F-45E7-8D1D-1A17779AAE31}.Release|Any CPU.Build.0 = Release|Any CPU
	EndGlobalSection
	GlobalSection(SolutionProperties) = preSolution
		HideSolutionNode = FALSE
	EndGlobalSection
	GlobalSection(ExtensibilityGlobals) = postSolution
		SolutionGuid = {5BD7E9B6-DCE5-4288-B496-19DF660C0577}
	EndGlobalSection
EndGlobal
