
Microsoft Visual Studio Solution File, Format Version 12.00
# Visual Studio Version 17
VisualStudioVersion = 17.8.34330.188
MinimumVisualStudioVersion = 10.0.40219.1
Project("{FAE04EC0-301F-11D3-BF4B-00C04F79EFBC}") = "Exercício Avaliativo 2ª Etapa - 5 Pontos", "Exercício Avaliativo 2ª Etapa - 5 Pontos\Exercício Avaliativo 2ª Etapa - 5 Pontos.csproj", "{F211065D-8119-449D-BC8F-1658ED374224}"
EndProject
Global
	GlobalSection(SolutionConfigurationPlatforms) = preSolution
		Debug|Any CPU = Debug|Any CPU
		Release|Any CPU = Release|Any CPU
	EndGlobalSection
	GlobalSection(ProjectConfigurationPlatforms) = postSolution
		{F211065D-8119-449D-BC8F-1658ED374224}.Debug|Any CPU.ActiveCfg = Debug|Any CPU
		{F211065D-8119-449D-BC8F-1658ED374224}.Debug|Any CPU.Build.0 = Debug|Any CPU
		{F211065D-8119-449D-BC8F-1658ED374224}.Release|Any CPU.ActiveCfg = Release|Any CPU
		{F211065D-8119-449D-BC8F-1658ED374224}.Release|Any CPU.Build.0 = Release|Any CPU
	EndGlobalSection
	GlobalSection(SolutionProperties) = preSolution
		HideSolutionNode = FALSE
	EndGlobalSection
	GlobalSection(ExtensibilityGlobals) = postSolution
		SolutionGuid = {80BAAEAA-F08A-48C4-BE26-8237E8BC08EB}
	EndGlobalSection
EndGlobal
