
Microsoft Visual Studio Solution File, Format Version 12.00
# Visual Studio Version 17
VisualStudioVersion = 17.8.34330.188
MinimumVisualStudioVersion = 10.0.40219.1
Project("{FAE04EC0-301F-11D3-BF4B-00C04F79EFBC}") = "MinhaCalculadora", "MinhaCalculadora\MinhaCalculadora.csproj", "{70DB9ECD-1DBC-442A-83F2-6AF837A2DE85}"
EndProject
Global
	GlobalSection(SolutionConfigurationPlatforms) = preSolution
		Debug|Any CPU = Debug|Any CPU
		Release|Any CPU = Release|Any CPU
	EndGlobalSection
	GlobalSection(ProjectConfigurationPlatforms) = postSolution
		{70DB9ECD-1DBC-442A-83F2-6AF837A2DE85}.Debug|Any CPU.ActiveCfg = Debug|Any CPU
		{70DB9ECD-1DBC-442A-83F2-6AF837A2DE85}.Debug|Any CPU.Build.0 = Debug|Any CPU
		{70DB9ECD-1DBC-442A-83F2-6AF837A2DE85}.Release|Any CPU.ActiveCfg = Release|Any CPU
		{70DB9ECD-1DBC-442A-83F2-6AF837A2DE85}.Release|Any CPU.Build.0 = Release|Any CPU
	EndGlobalSection
	GlobalSection(SolutionProperties) = preSolution
		HideSolutionNode = FALSE
	EndGlobalSection
	GlobalSection(ExtensibilityGlobals) = postSolution
		SolutionGuid = {22A7BBD4-07F6-4F0D-9A7A-560FF5C9994F}
	EndGlobalSection
EndGlobal
